{
  "requires": true,
  "lockfileVersion": 1,
  "dependencies": {
    "include-media": {
      "version": "1.4.9",
      "resolved": "https://registry.npmjs.org/include-media/-/include-media-1.4.9.tgz",
      "integrity": "sha1-0AILe+PrLVSGiiCUNZXOOA4LxDs="
    },
    "slick-carousel": {
      "version": "1.8.1",
      "resolved": "https://registry.npmjs.org/slick-carousel/-/slick-carousel-1.8.1.tgz",
      "integrity": "sha512-XB9Ftrf2EEKfzoQXt3Nitrt/IPbT+f1fgqBdoxO3W/+JYvtEOW6EgxnWfr9GH6nmULv7Y2tPmEX3koxThVmebA=="
    }
  }
}
